
Microsoft Visual Studio Solution File, Format Version 11.00
# Visual Studio 2010
Project("{F184B08F-C81C-45F6-A57F-5ABD9991F28F}") = "enviar_correo", "enviar_correo\enviar_correo.vbproj", "{A9D53792-0D2C-4823-BAB9-27DF6DB3E692}"
EndProject
Global
	GlobalSection(SolutionConfigurationPlatforms) = preSolution
		Debug|x86 = Debug|x86
		Release|x86 = Release|x86
	EndGlobalSection
	GlobalSection(ProjectConfigurationPlatforms) = postSolution
		{A9D53792-0D2C-4823-BAB9-27DF6DB3E692}.Debug|x86.ActiveCfg = Debug|x86
		{A9D53792-0D2C-4823-BAB9-27DF6DB3E692}.Debug|x86.Build.0 = Debug|x86
		{A9D53792-0D2C-4823-BAB9-27DF6DB3E692}.Release|x86.ActiveCfg = Release|x86
		{A9D53792-0D2C-4823-BAB9-27DF6DB3E692}.Release|x86.Build.0 = Release|x86
	EndGlobalSection
	GlobalSection(SolutionProperties) = preSolution
		HideSolutionNode = FALSE
	EndGlobalSection
EndGlobal
